
Microsoft Visual Studio Solution File, Format Version 12.00
# Visual Studio Version 16
VisualStudioVersion = 16.0.29920.165
MinimumVisualStudioVersion = 10.0.40219.1
Project("{FAE04EC0-301F-11D3-BF4B-00C04F79EFBC}") = "DapperDemo", "DapperDemo\DapperDemo.csproj", "{C587AA6E-2454-4284-8F03-1075BA9EF3C9}"
EndProject
Global
	GlobalSection(SolutionConfigurationPlatforms) = preSolution
		Debug|Any CPU = Debug|Any CPU
		Release|Any CPU = Release|Any CPU
	EndGlobalSection
	GlobalSection(ProjectConfigurationPlatforms) = postSolution
		{C587AA6E-2454-4284-8F03-1075BA9EF3C9}.Debug|Any CPU.ActiveCfg = Debug|Any CPU
		{C587AA6E-2454-4284-8F03-1075BA9EF3C9}.Debug|Any CPU.Build.0 = Debug|Any CPU
		{C587AA6E-2454-4284-8F03-1075BA9EF3C9}.Release|Any CPU.ActiveCfg = Release|Any CPU
		{C587AA6E-2454-4284-8F03-1075BA9EF3C9}.Release|Any CPU.Build.0 = Release|Any CPU
	EndGlobalSection
	GlobalSection(SolutionProperties) = preSolution
		HideSolutionNode = FALSE
	EndGlobalSection
	GlobalSection(ExtensibilityGlobals) = postSolution
		SolutionGuid = {B0A819A4-6017-4919-A658-79BD87016BB2}
	EndGlobalSection
EndGlobal
